
Microsoft Visual Studio Solution File, Format Version 12.00
# Visual Studio Version 17
VisualStudioVersion = 17.4.33110.190
MinimumVisualStudioVersion = 10.0.40219.1
Project("{2150E333-8FDC-42A3-9474-1A3956D46DE8}") = "CharServer", "CharServer", "{655AB5F0-E848-4D2A-9570-BF36470C0AC5}"
EndProject
Project("{2150E333-8FDC-42A3-9474-1A3956D46DE8}") = "ChatClient", "ChatClient", "{67D468BE-BFD5-4F91-A1A4-6A133AFD5EC0}"
EndProject
Project("{FAE04EC0-301F-11D3-BF4B-00C04F79EFBC}") = "ChatServer", "ChatServer\ChatServer.csproj", "{30B433C7-FA79-40B9-B187-3708A1B85586}"
EndProject
Project("{FAE04EC0-301F-11D3-BF4B-00C04F79EFBC}") = "ChatClient", "ChatClient\ChatClient.csproj", "{C78F8D5C-0434-46BE-ADFD-08BB13147D52}"
EndProject
Global
	GlobalSection(SolutionConfigurationPlatforms) = preSolution
		Debug|Any CPU = Debug|Any CPU
		Release|Any CPU = Release|Any CPU
	EndGlobalSection
	GlobalSection(ProjectConfigurationPlatforms) = postSolution
		{30B433C7-FA79-40B9-B187-3708A1B85586}.Debug|Any CPU.ActiveCfg = Debug|Any CPU
		{30B433C7-FA79-40B9-B187-3708A1B85586}.Debug|Any CPU.Build.0 = Debug|Any CPU
		{30B433C7-FA79-40B9-B187-3708A1B85586}.Release|Any CPU.ActiveCfg = Release|Any CPU
		{30B433C7-FA79-40B9-B187-3708A1B85586}.Release|Any CPU.Build.0 = Release|Any CPU
		{C78F8D5C-0434-46BE-ADFD-08BB13147D52}.Debug|Any CPU.ActiveCfg = Debug|Any CPU
		{C78F8D5C-0434-46BE-ADFD-08BB13147D52}.Debug|Any CPU.Build.0 = Debug|Any CPU
		{C78F8D5C-0434-46BE-ADFD-08BB13147D52}.Release|Any CPU.ActiveCfg = Release|Any CPU
		{C78F8D5C-0434-46BE-ADFD-08BB13147D52}.Release|Any CPU.Build.0 = Release|Any CPU
	EndGlobalSection
	GlobalSection(SolutionProperties) = preSolution
		HideSolutionNode = FALSE
	EndGlobalSection
	GlobalSection(NestedProjects) = preSolution
		{30B433C7-FA79-40B9-B187-3708A1B85586} = {655AB5F0-E848-4D2A-9570-BF36470C0AC5}
		{C78F8D5C-0434-46BE-ADFD-08BB13147D52} = {67D468BE-BFD5-4F91-A1A4-6A133AFD5EC0}
	EndGlobalSection
	GlobalSection(ExtensibilityGlobals) = postSolution
		SolutionGuid = {D82618BA-5A2E-4530-A08A-C556FFADB3A2}
	EndGlobalSection
EndGlobal
